// !$*UTF8*$!
{
	archiveVersion = 1;
	classes = {
	};
	objectVersion = 55;
	objects = {

/* Begin PBXBuildFile section */
		1A94C167F28F7D619D5DFFB3 /* Pods_Instagram_clone.framework in Frameworks */ = {isa = PBXBuildFile; fileRef = EF3615B4AC5C180370F0C31C /* Pods_Instagram_clone.framework */; };
		DE31DE0B28BF51680000C14F /* NoNotificationsView.swift in Sources */ = {isa = PBXBuildFile; fileRef = DE31DE0A28BF51680000C14F /* NoNotificationsView.swift */; };
		DE31DE0E28BF61060000C14F /* NotificationFollowEventTableViewCell.swift in Sources */ = {isa = PBXBuildFile; fileRef = DE31DE0D28BF61060000C14F /* NotificationFollowEventTableViewCell.swift */; };
		DE31DE1028BF618D0000C14F /* NotificationLikeEventTableViewCell.swift in Sources */ = {isa = PBXBuildFile; fileRef = DE31DE0F28BF618D0000C14F /* NotificationLikeEventTableViewCell.swift */; };
		DE4ACE2328A5015E00968EDB /* FormTableViewCell.swift in Sources */ = {isa = PBXBuildFile; fileRef = DE4ACE2228A5015E00968EDB /* FormTableViewCell.swift */; };
		DE4D580C28B3EF8900361695 /* Models.swift in Sources */ = {isa = PBXBuildFile; fileRef = DE4D580B28B3EF8800361695 /* Models.swift */; };
		DE6BCA3A28B910A60092E57C /* UserFollowTableViewCell.swift in Sources */ = {isa = PBXBuildFile; fileRef = DE6BCA3928B910A60092E57C /* UserFollowTableViewCell.swift */; };
		DE78273F28A6CD0C00BEE89B /* PhotoCollectionViewCell.swift in Sources */ = {isa = PBXBuildFile; fileRef = DE78273E28A6CD0C00BEE89B /* PhotoCollectionViewCell.swift */; };
		DE78274128A6CD9B00BEE89B /* ProfileInfoHeaderCollectionReusableView.swift in Sources */ = {isa = PBXBuildFile; fileRef = DE78274028A6CD9B00BEE89B /* ProfileInfoHeaderCollectionReusableView.swift */; };
		DE78274328A6CDDB00BEE89B /* ProfileTabsCollectionReusableView.swift in Sources */ = {isa = PBXBuildFile; fileRef = DE78274228A6CDDB00BEE89B /* ProfileTabsCollectionReusableView.swift */; };
		DE9520EF289BF96900A84A2C /* IGFeedPostUITableViewCell.swift in Sources */ = {isa = PBXBuildFile; fileRef = DE9520EE289BF96900A84A2C /* IGFeedPostUITableViewCell.swift */; };
		DE9520F2289D44BD00A84A2C /* IGFeedPostHeaderTableViewCell.swift in Sources */ = {isa = PBXBuildFile; fileRef = DE9520F1289D44BD00A84A2C /* IGFeedPostHeaderTableViewCell.swift */; };
		DE9520F4289D44D400A84A2C /* IGFeedPostActionsTableViewCell.swift in Sources */ = {isa = PBXBuildFile; fileRef = DE9520F3289D44D400A84A2C /* IGFeedPostActionsTableViewCell.swift */; };
		DE9520F6289D44EB00A84A2C /* IGFeedPostGeneralTableViewCell.swift in Sources */ = {isa = PBXBuildFile; fileRef = DE9520F5289D44EB00A84A2C /* IGFeedPostGeneralTableViewCell.swift */; };
		DEED8E4A2893FBEE00BEE0E0 /* GoogleService-Info.plist in Resources */ = {isa = PBXBuildFile; fileRef = DEED8E492893FBEE00BEE0E0 /* GoogleService-Info.plist */; };
		DEF4663D288ACC5900BC85B0 /* AppDelegate.swift in Sources */ = {isa = PBXBuildFile; fileRef = DEF4663C288ACC5900BC85B0 /* AppDelegate.swift */; };
		DEF4663F288ACC5900BC85B0 /* SceneDelegate.swift in Sources */ = {isa = PBXBuildFile; fileRef = DEF4663E288ACC5900BC85B0 /* SceneDelegate.swift */; };
		DEF46641288ACC5900BC85B0 /* HomeViewController.swift in Sources */ = {isa = PBXBuildFile; fileRef = DEF46640288ACC5900BC85B0 /* HomeViewController.swift */; };
		DEF46644288ACC5900BC85B0 /* Main.storyboard in Resources */ = {isa = PBXBuildFile; fileRef = DEF46642288ACC5900BC85B0 /* Main.storyboard */; };
		DEF46646288ACC5B00BC85B0 /* Assets.xcassets in Resources */ = {isa = PBXBuildFile; fileRef = DEF46645288ACC5B00BC85B0 /* Assets.xcassets */; };
		DEF46649288ACC5B00BC85B0 /* LaunchScreen.storyboard in Resources */ = {isa = PBXBuildFile; fileRef = DEF46647288ACC5B00BC85B0 /* LaunchScreen.storyboard */; };
		DEF46657288AD46800BC85B0 /* ExploreViewController.swift in Sources */ = {isa = PBXBuildFile; fileRef = DEF46656288AD46800BC85B0 /* ExploreViewController.swift */; };
		DEF46659288AD49200BC85B0 /* CameraViewController.swift in Sources */ = {isa = PBXBuildFile; fileRef = DEF46658288AD49200BC85B0 /* CameraViewController.swift */; };
		DEF4665B288AD4DA00BC85B0 /* NotificationsViewController.swift in Sources */ = {isa = PBXBuildFile; fileRef = DEF4665A288AD4DA00BC85B0 /* NotificationsViewController.swift */; };
		DEF4665D288AD4EF00BC85B0 /* ProfileViewController.swift in Sources */ = {isa = PBXBuildFile; fileRef = DEF4665C288AD4EF00BC85B0 /* ProfileViewController.swift */; };
		DEF46661288AD63500BC85B0 /* LoginViewController.swift in Sources */ = {isa = PBXBuildFile; fileRef = DEF46660288AD63500BC85B0 /* LoginViewController.swift */; };
		DEF46663288AD65600BC85B0 /* RegistrationViewController.swift in Sources */ = {isa = PBXBuildFile; fileRef = DEF46662288AD65600BC85B0 /* RegistrationViewController.swift */; };
		DEF46666288AD69F00BC85B0 /* PostViewController.swift in Sources */ = {isa = PBXBuildFile; fileRef = DEF46665288AD69F00BC85B0 /* PostViewController.swift */; };
		DEF46668288AD6E900BC85B0 /* EditProfileViewController.swift in Sources */ = {isa = PBXBuildFile; fileRef = DEF46667288AD6E900BC85B0 /* EditProfileViewController.swift */; };
		DEF4666A288AD70800BC85B0 /* SettingsViewController.swift in Sources */ = {isa = PBXBuildFile; fileRef = DEF46669288AD70800BC85B0 /* SettingsViewController.swift */; };
		DEF4666C288AD73F00BC85B0 /* ListViewViewController.swift in Sources */ = {isa = PBXBuildFile; fileRef = DEF4666B288AD73F00BC85B0 /* ListViewViewController.swift */; };
		DEF4666E288AD74900BC85B0 /* SearchViewController.swift in Sources */ = {isa = PBXBuildFile; fileRef = DEF4666D288AD74900BC85B0 /* SearchViewController.swift */; };
		DEF46670288AD76600BC85B0 /* SearchResultViewController.swift in Sources */ = {isa = PBXBuildFile; fileRef = DEF4666F288AD76600BC85B0 /* SearchResultViewController.swift */; };
		DEF46672288AD7A400BC85B0 /* PostEditorViewController.swift in Sources */ = {isa = PBXBuildFile; fileRef = DEF46671288AD7A400BC85B0 /* PostEditorViewController.swift */; };
		DEF46674288AD7C500BC85B0 /* PublishPostViewController.swift in Sources */ = {isa = PBXBuildFile; fileRef = DEF46673288AD7C500BC85B0 /* PublishPostViewController.swift */; };
		DEF46679288C0F3F00BC85B0 /* DatabaseManager.swift in Sources */ = {isa = PBXBuildFile; fileRef = DEF46678288C0F3F00BC85B0 /* DatabaseManager.swift */; };
		DEF4667B288C10E300BC85B0 /* AuthManager.swift in Sources */ = {isa = PBXBuildFile; fileRef = DEF4667A288C10E300BC85B0 /* AuthManager.swift */; };
		DEF4667F288C124300BC85B0 /* StorageManager.swift in Sources */ = {isa = PBXBuildFile; fileRef = DEF4667E288C124300BC85B0 /* StorageManager.swift */; };
		DEF46681288D31A000BC85B0 /* Extensions.swift in Sources */ = {isa = PBXBuildFile; fileRef = DEF46680288D31A000BC85B0 /* Extensions.swift */; };
/* End PBXBuildFile section */

/* Begin PBXFileReference section */
		4AAD8A1CE31192B757199A30 /* Pods-Instagram_clone.debug.xcconfig */ = {isa = PBXFileReference; includeInIndex = 1; lastKnownFileType = text.xcconfig; name = "Pods-Instagram_clone.debug.xcconfig"; path = "Target Support Files/Pods-Instagram_clone/Pods-Instagram_clone.debug.xcconfig"; sourceTree = "<group>"; };
		C6FEA0F189EE987D07E08D1E /* Pods-Instagram_clone.release.xcconfig */ = {isa = PBXFileReference; includeInIndex = 1; lastKnownFileType = text.xcconfig; name = "Pods-Instagram_clone.release.xcconfig"; path = "Target Support Files/Pods-Instagram_clone/Pods-Instagram_clone.release.xcconfig"; sourceTree = "<group>"; };
		DE31DE0A28BF51680000C14F /* NoNotificationsView.swift */ = {isa = PBXFileReference; lastKnownFileType = sourcecode.swift; path = NoNotificationsView.swift; sourceTree = "<group>"; };
		DE31DE0D28BF61060000C14F /* NotificationFollowEventTableViewCell.swift */ = {isa = PBXFileReference; lastKnownFileType = sourcecode.swift; path = NotificationFollowEventTableViewCell.swift; sourceTree = "<group>"; };
		DE31DE0F28BF618D0000C14F /* NotificationLikeEventTableViewCell.swift */ = {isa = PBXFileReference; lastKnownFileType = sourcecode.swift; path = NotificationLikeEventTableViewCell.swift; sourceTree = "<group>"; };
		DE4ACE2228A5015E00968EDB /* FormTableViewCell.swift */ = {isa = PBXFileReference; lastKnownFileType = sourcecode.swift; path = FormTableViewCell.swift; sourceTree = "<group>"; };
		DE4D580B28B3EF8800361695 /* Models.swift */ = {isa = PBXFileReference; lastKnownFileType = sourcecode.swift; path = Models.swift; sourceTree = "<group>"; };
		DE6BCA3928B910A60092E57C /* UserFollowTableViewCell.swift */ = {isa = PBXFileReference; lastKnownFileType = sourcecode.swift; path = UserFollowTableViewCell.swift; sourceTree = "<group>"; };
		DE78273E28A6CD0C00BEE89B /* PhotoCollectionViewCell.swift */ = {isa = PBXFileReference; lastKnownFileType = sourcecode.swift; path = PhotoCollectionViewCell.swift; sourceTree = "<group>"; };
		DE78274028A6CD9B00BEE89B /* ProfileInfoHeaderCollectionReusableView.swift */ = {isa = PBXFileReference; lastKnownFileType = sourcecode.swift; path = ProfileInfoHeaderCollectionReusableView.swift; sourceTree = "<group>"; };
		DE78274228A6CDDB00BEE89B /* ProfileTabsCollectionReusableView.swift */ = {isa = PBXFileReference; lastKnownFileType = sourcecode.swift; path = ProfileTabsCollectionReusableView.swift; sourceTree = "<group>"; };
		DE9520EE289BF96900A84A2C /* IGFeedPostUITableViewCell.swift */ = {isa = PBXFileReference; lastKnownFileType = sourcecode.swift; path = IGFeedPostUITableViewCell.swift; sourceTree = "<group>"; };
		DE9520F1289D44BD00A84A2C /* IGFeedPostHeaderTableViewCell.swift */ = {isa = PBXFileReference; lastKnownFileType = sourcecode.swift; path = IGFeedPostHeaderTableViewCell.swift; sourceTree = "<group>"; };
		DE9520F3289D44D400A84A2C /* IGFeedPostActionsTableViewCell.swift */ = {isa = PBXFileReference; lastKnownFileType = sourcecode.swift; path = IGFeedPostActionsTableViewCell.swift; sourceTree = "<group>"; };
		DE9520F5289D44EB00A84A2C /* IGFeedPostGeneralTableViewCell.swift */ = {isa = PBXFileReference; lastKnownFileType = sourcecode.swift; path = IGFeedPostGeneralTableViewCell.swift; sourceTree = "<group>"; };
		DEED8E492893FBEE00BEE0E0 /* GoogleService-Info.plist */ = {isa = PBXFileReference; fileEncoding = 4; lastKnownFileType = text.plist.xml; path = "GoogleService-Info.plist"; sourceTree = "<group>"; };
		DEF46639288ACC5900BC85B0 /* Instagram_clone.app */ = {isa = PBXFileReference; explicitFileType = wrapper.application; includeInIndex = 0; path = Instagram_clone.app; sourceTree = BUILT_PRODUCTS_DIR; };
		DEF4663C288ACC5900BC85B0 /* AppDelegate.swift */ = {isa = PBXFileReference; lastKnownFileType = sourcecode.swift; path = AppDelegate.swift; sourceTree = "<group>"; };
		DEF4663E288ACC5900BC85B0 /* SceneDelegate.swift */ = {isa = PBXFileReference; lastKnownFileType = sourcecode.swift; path = SceneDelegate.swift; sourceTree = "<group>"; };
		DEF46640288ACC5900BC85B0 /* HomeViewController.swift */ = {isa = PBXFileReference; lastKnownFileType = sourcecode.swift; path = HomeViewController.swift; sourceTree = "<group>"; };
		DEF46643288ACC5900BC85B0 /* Base */ = {isa = PBXFileReference; lastKnownFileType = file.storyboard; name = Base; path = Base.lproj/Main.storyboard; sourceTree = "<group>"; };
		DEF46645288ACC5B00BC85B0 /* Assets.xcassets */ = {isa = PBXFileReference; lastKnownFileType = folder.assetcatalog; path = Assets.xcassets; sourceTree = "<group>"; };
		DEF46648288ACC5B00BC85B0 /* Base */ = {isa = PBXFileReference; lastKnownFileType = file.storyboard; name = Base; path = Base.lproj/LaunchScreen.storyboard; sourceTree = "<group>"; };
		DEF4664A288ACC5B00BC85B0 /* Info.plist */ = {isa = PBXFileReference; lastKnownFileType = text.plist.xml; path = Info.plist; sourceTree = "<group>"; };
		DEF46656288AD46800BC85B0 /* ExploreViewController.swift */ = {isa = PBXFileReference; lastKnownFileType = sourcecode.swift; path = ExploreViewController.swift; sourceTree = "<group>"; };
		DEF46658288AD49200BC85B0 /* CameraViewController.swift */ = {isa = PBXFileReference; lastKnownFileType = sourcecode.swift; path = CameraViewController.swift; sourceTree = "<group>"; };
		DEF4665A288AD4DA00BC85B0 /* NotificationsViewController.swift */ = {isa = PBXFileReference; lastKnownFileType = sourcecode.swift; path = NotificationsViewController.swift; sourceTree = "<group>"; };
		DEF4665C288AD4EF00BC85B0 /* ProfileViewController.swift */ = {isa = PBXFileReference; lastKnownFileType = sourcecode.swift; path = ProfileViewController.swift; sourceTree = "<group>"; };
		DEF46660288AD63500BC85B0 /* LoginViewController.swift */ = {isa = PBXFileReference; lastKnownFileType = sourcecode.swift; path = LoginViewController.swift; sourceTree = "<group>"; };
		DEF46662288AD65600BC85B0 /* RegistrationViewController.swift */ = {isa = PBXFileReference; lastKnownFileType = sourcecode.swift; path = RegistrationViewController.swift; sourceTree = "<group>"; };
		DEF46665288AD69F00BC85B0 /* PostViewController.swift */ = {isa = PBXFileReference; lastKnownFileType = sourcecode.swift; path = PostViewController.swift; sourceTree = "<group>"; };
		DEF46667288AD6E900BC85B0 /* EditProfileViewController.swift */ = {isa = PBXFileReference; lastKnownFileType = sourcecode.swift; path = EditProfileViewController.swift; sourceTree = "<group>"; };
		DEF46669288AD70800BC85B0 /* SettingsViewController.swift */ = {isa = PBXFileReference; lastKnownFileType = sourcecode.swift; path = SettingsViewController.swift; sourceTree = "<group>"; };
		DEF4666B288AD73F00BC85B0 /* ListViewViewController.swift */ = {isa = PBXFileReference; lastKnownFileType = sourcecode.swift; path = ListViewViewController.swift; sourceTree = "<group>"; };
		DEF4666D288AD74900BC85B0 /* SearchViewController.swift */ = {isa = PBXFileReference; lastKnownFileType = sourcecode.swift; path = SearchViewController.swift; sourceTree = "<group>"; };
		DEF4666F288AD76600BC85B0 /* SearchResultViewController.swift */ = {isa = PBXFileReference; lastKnownFileType = sourcecode.swift; path = SearchResultViewController.swift; sourceTree = "<group>"; };
		DEF46671288AD7A400BC85B0 /* PostEditorViewController.swift */ = {isa = PBXFileReference; lastKnownFileType = sourcecode.swift; path = PostEditorViewController.swift; sourceTree = "<group>"; };
		DEF46673288AD7C500BC85B0 /* PublishPostViewController.swift */ = {isa = PBXFileReference; lastKnownFileType = sourcecode.swift; path = PublishPostViewController.swift; sourceTree = "<group>"; };
		DEF46678288C0F3F00BC85B0 /* DatabaseManager.swift */ = {isa = PBXFileReference; lastKnownFileType = sourcecode.swift; path = DatabaseManager.swift; sourceTree = "<group>"; };
		DEF4667A288C10E300BC85B0 /* AuthManager.swift */ = {isa = PBXFileReference; lastKnownFileType = sourcecode.swift; path = AuthManager.swift; sourceTree = "<group>"; };
		DEF4667E288C124300BC85B0 /* StorageManager.swift */ = {isa = PBXFileReference; lastKnownFileType = sourcecode.swift; path = StorageManager.swift; sourceTree = "<group>"; };
		DEF46680288D31A000BC85B0 /* Extensions.swift */ = {isa = PBXFileReference; lastKnownFileType = sourcecode.swift; path = Extensions.swift; sourceTree = "<group>"; };
		EF3615B4AC5C180370F0C31C /* Pods_Instagram_clone.framework */ = {isa = PBXFileReference; explicitFileType = wrapper.framework; includeInIndex = 0; path = Pods_Instagram_clone.framework; sourceTree = BUILT_PRODUCTS_DIR; };
/* End PBXFileReference section */

/* Begin PBXFrameworksBuildPhase section */
		DEF46636288ACC5900BC85B0 /* Frameworks */ = {
			isa = PBXFrameworksBuildPhase;
			buildActionMask = 2147483647;
			files = (
				1A94C167F28F7D619D5DFFB3 /* Pods_Instagram_clone.framework in Frameworks */,
			);
			runOnlyForDeploymentPostprocessing = 0;
		};
/* End PBXFrameworksBuildPhase section */

/* Begin PBXGroup section */
		4EE11CF8D6B58A398DA23C25 /* Pods */ = {
			isa = PBXGroup;
			children = (
				4AAD8A1CE31192B757199A30 /* Pods-Instagram_clone.debug.xcconfig */,
				C6FEA0F189EE987D07E08D1E /* Pods-Instagram_clone.release.xcconfig */,
			);
			path = Pods;
			sourceTree = "<group>";
		};
		90D2213D32BEB4079B66AF30 /* Frameworks */ = {
			isa = PBXGroup;
			children = (
				EF3615B4AC5C180370F0C31C /* Pods_Instagram_clone.framework */,
			);
			name = Frameworks;
			sourceTree = "<group>";
		};
		DE31DE0C28BF60BB0000C14F /* Notifications */ = {
			isa = PBXGroup;
			children = (
				DE31DE0D28BF61060000C14F /* NotificationFollowEventTableViewCell.swift */,
				DE31DE0F28BF618D0000C14F /* NotificationLikeEventTableViewCell.swift */,
			);
			path = Notifications;
			sourceTree = "<group>";
		};
		DE78273D28A6CCAD00BEE89B /* CollectionView Headers */ = {
			isa = PBXGroup;
			children = (
				DE78274028A6CD9B00BEE89B /* ProfileInfoHeaderCollectionReusableView.swift */,
				DE78274228A6CDDB00BEE89B /* ProfileTabsCollectionReusableView.swift */,
			);
			path = "CollectionView Headers";
			sourceTree = "<group>";
		};
		DE9520ED289BF7EE00A84A2C /* Cells */ = {
			isa = PBXGroup;
			children = (
				DE31DE0C28BF60BB0000C14F /* Notifications */,
				DE9520F0289D440100A84A2C /* Home feed */,
				DE4ACE2228A5015E00968EDB /* FormTableViewCell.swift */,
				DE78273E28A6CD0C00BEE89B /* PhotoCollectionViewCell.swift */,
				DE6BCA3928B910A60092E57C /* UserFollowTableViewCell.swift */,
			);
			path = Cells;
			sourceTree = "<group>";
		};
		DE9520F0289D440100A84A2C /* Home feed */ = {
			isa = PBXGroup;
			children = (
				DE9520EE289BF96900A84A2C /* IGFeedPostUITableViewCell.swift */,
				DE9520F1289D44BD00A84A2C /* IGFeedPostHeaderTableViewCell.swift */,
				DE9520F3289D44D400A84A2C /* IGFeedPostActionsTableViewCell.swift */,
				DE9520F5289D44EB00A84A2C /* IGFeedPostGeneralTableViewCell.swift */,
			);
			path = "Home feed";
			sourceTree = "<group>";
		};
		DEF46630288ACC5900BC85B0 = {
			isa = PBXGroup;
			children = (
				DEF4663B288ACC5900BC85B0 /* Instagram_clone */,
				DEF4663A288ACC5900BC85B0 /* Products */,
				4EE11CF8D6B58A398DA23C25 /* Pods */,
				90D2213D32BEB4079B66AF30 /* Frameworks */,
			);
			sourceTree = "<group>";
		};
		DEF4663A288ACC5900BC85B0 /* Products */ = {
			isa = PBXGroup;
			children = (
				DEF46639288ACC5900BC85B0 /* Instagram_clone.app */,
			);
			name = Products;
			sourceTree = "<group>";
		};
		DEF4663B288ACC5900BC85B0 /* Instagram_clone */ = {
			isa = PBXGroup;
			children = (
				DEF46654288ACDA700BC85B0 /* Resources */,
				DEF46653288ACDA100BC85B0 /* Models */,
				DEF46652288ACD4F00BC85B0 /* Views */,
				DEF46651288ACD3600BC85B0 /* Controllers */,
				DEF4664A288ACC5B00BC85B0 /* Info.plist */,
			);
			path = Instagram_clone;
			sourceTree = "<group>";
		};
		DEF46651288ACD3600BC85B0 /* Controllers */ = {
			isa = PBXGroup;
			children = (
				DEF4665F288AD62100BC85B0 /* Other */,
				DEF4665E288AD5AD00BC85B0 /* Core Tabs */,
			);
			path = Controllers;
			sourceTree = "<group>";
		};
		DEF46652288ACD4F00BC85B0 /* Views */ = {
			isa = PBXGroup;
			children = (
				DE78273D28A6CCAD00BEE89B /* CollectionView Headers */,
				DE9520ED289BF7EE00A84A2C /* Cells */,
				DEF46645288ACC5B00BC85B0 /* Assets.xcassets */,
				DEF46655288AD39900BC85B0 /* Storyboards */,
				DE31DE0A28BF51680000C14F /* NoNotificationsView.swift */,
			);
			path = Views;
			sourceTree = "<group>";
		};
		DEF46653288ACDA100BC85B0 /* Models */ = {
			isa = PBXGroup;
			children = (
				DE4D580B28B3EF8800361695 /* Models.swift */,
			);
			path = Models;
			sourceTree = "<group>";
		};
		DEF46654288ACDA700BC85B0 /* Resources */ = {
			isa = PBXGroup;
			children = (
				DEED8E492893FBEE00BEE0E0 /* GoogleService-Info.plist */,
				DEF4663C288ACC5900BC85B0 /* AppDelegate.swift */,
				DEF4663E288ACC5900BC85B0 /* SceneDelegate.swift */,
				DEF46678288C0F3F00BC85B0 /* DatabaseManager.swift */,
				DEF4667A288C10E300BC85B0 /* AuthManager.swift */,
				DEF4667E288C124300BC85B0 /* StorageManager.swift */,
				DEF46680288D31A000BC85B0 /* Extensions.swift */,
			);
			path = Resources;
			sourceTree = "<group>";
		};
		DEF46655288AD39900BC85B0 /* Storyboards */ = {
			isa = PBXGroup;
			children = (
				DEF46647288ACC5B00BC85B0 /* LaunchScreen.storyboard */,
				DEF46642288ACC5900BC85B0 /* Main.storyboard */,
			);
			name = Storyboards;
			path = "Controllé";
			sourceTree = "<group>";
		};
		DEF4665E288AD5AD00BC85B0 /* Core Tabs */ = {
			isa = PBXGroup;
			children = (
				DEF46640288ACC5900BC85B0 /* HomeViewController.swift */,
				DEF46656288AD46800BC85B0 /* ExploreViewController.swift */,
				DEF46658288AD49200BC85B0 /* CameraViewController.swift */,
				DEF4665A288AD4DA00BC85B0 /* NotificationsViewController.swift */,
				DEF4665C288AD4EF00BC85B0 /* ProfileViewController.swift */,
			);
			path = "Core Tabs";
			sourceTree = "<group>";
		};
		DEF4665F288AD62100BC85B0 /* Other */ = {
			isa = PBXGroup;
			children = (
				DEF46664288AD68D00BC85B0 /* Onboarding */,
				DEF46677288C0D7A00BC85B0 /* General */,
			);
			path = Other;
			sourceTree = "<group>";
		};
		DEF46664288AD68D00BC85B0 /* Onboarding */ = {
			isa = PBXGroup;
			children = (
				DEF46660288AD63500BC85B0 /* LoginViewController.swift */,
				DEF46662288AD65600BC85B0 /* RegistrationViewController.swift */,
			);
			path = Onboarding;
			sourceTree = "<group>";
		};
		DEF46677288C0D7A00BC85B0 /* General */ = {
			isa = PBXGroup;
			children = (
				DEF46669288AD70800BC85B0 /* SettingsViewController.swift */,
				DEF46665288AD69F00BC85B0 /* PostViewController.swift */,
				DEF46667288AD6E900BC85B0 /* EditProfileViewController.swift */,
				DEF4666B288AD73F00BC85B0 /* ListViewViewController.swift */,
				DEF4666D288AD74900BC85B0 /* SearchViewController.swift */,
				DEF4666F288AD76600BC85B0 /* SearchResultViewController.swift */,
				DEF46673288AD7C500BC85B0 /* PublishPostViewController.swift */,
				DEF46671288AD7A400BC85B0 /* PostEditorViewController.swift */,
			);
			path = General;
			sourceTree = "<group>";
		};
/* End PBXGroup section */

/* Begin PBXNativeTarget section */
		DEF46638288ACC5900BC85B0 /* Instagram_clone */ = {
			isa = PBXNativeTarget;
			buildConfigurationList = DEF4664D288ACC5B00BC85B0 /* Build configuration list for PBXNativeTarget "Instagram_clone" */;
			buildPhases = (
				77CDB581894B2D6F9B8717C9 /* [CP] Check Pods Manifest.lock */,
				DEF46635288ACC5900BC85B0 /* Sources */,
				DEF46636288ACC5900BC85B0 /* Frameworks */,
				DEF46637288ACC5900BC85B0 /* Resources */,
				4A455FB6867CCE6412F00B0A /* [CP] Embed Pods Frameworks */,
			);
			buildRules = (
			);
			dependencies = (
			);
			name = Instagram_clone;
			productName = Instagram_clone;
			productReference = DEF46639288ACC5900BC85B0 /* Instagram_clone.app */;
			productType = "com.apple.product-type.application";
		};
/* End PBXNativeTarget section */

/* Begin PBXProject section */
		DEF46631288ACC5900BC85B0 /* Project object */ = {
			isa = PBXProject;
			attributes = {
				BuildIndependentTargetsInParallel = 1;
				LastSwiftUpdateCheck = 1340;
				LastUpgradeCheck = 1340;
				TargetAttributes = {
					DEF46638288ACC5900BC85B0 = {
						CreatedOnToolsVersion = 13.4.1;
					};
				};
			};
			buildConfigurationList = DEF46634288ACC5900BC85B0 /* Build configuration list for PBXProject "Instagram_clone" */;
			compatibilityVersion = "Xcode 13.0";
			developmentRegion = en;
			hasScannedForEncodings = 0;
			knownRegions = (
				en,
				Base,
			);
			mainGroup = DEF46630288ACC5900BC85B0;
			productRefGroup = DEF4663A288ACC5900BC85B0 /* Products */;
			projectDirPath = "";
			projectRoot = "";
			targets = (
				DEF46638288ACC5900BC85B0 /* Instagram_clone */,
			);
		};
/* End PBXProject section */

/* Begin PBXResourcesBuildPhase section */
		DEF46637288ACC5900BC85B0 /* Resources */ = {
			isa = PBXResourcesBuildPhase;
			buildActionMask = 2147483647;
			files = (
				DEF46649288ACC5B00BC85B0 /* LaunchScreen.storyboard in Resources */,
				DEED8E4A2893FBEE00BEE0E0 /* GoogleService-Info.plist in Resources */,
				DEF46646288ACC5B00BC85B0 /* Assets.xcassets in Resources */,
				DEF46644288ACC5900BC85B0 /* Main.storyboard in Resources */,
			);
			runOnlyForDeploymentPostprocessing = 0;
		};
/* End PBXResourcesBuildPhase section */

/* Begin PBXShellScriptBuildPhase section */
		4A455FB6867CCE6412F00B0A /* [CP] Embed Pods Frameworks */ = {
			isa = PBXShellScriptBuildPhase;
			buildActionMask = 2147483647;
			files = (
			);
			inputFileListPaths = (
				"${PODS_ROOT}/Target Support Files/Pods-Instagram_clone/Pods-Instagram_clone-frameworks-${CONFIGURATION}-input-files.xcfilelist",
			);
			name = "[CP] Embed Pods Frameworks";
			outputFileListPaths = (
				"${PODS_ROOT}/Target Support Files/Pods-Instagram_clone/Pods-Instagram_clone-frameworks-${CONFIGURATION}-output-files.xcfilelist",
			);
			runOnlyForDeploymentPostprocessing = 0;
			shellPath = /bin/sh;
			shellScript = "\"${PODS_ROOT}/Target Support Files/Pods-Instagram_clone/Pods-Instagram_clone-frameworks.sh\"\n";
			showEnvVarsInLog = 0;
		};
		77CDB581894B2D6F9B8717C9 /* [CP] Check Pods Manifest.lock */ = {
			isa = PBXShellScriptBuildPhase;
			buildActionMask = 2147483647;
			files = (
			);
			inputFileListPaths = (
			);
			inputPaths = (
				"${PODS_PODFILE_DIR_PATH}/Podfile.lock",
				"${PODS_ROOT}/Manifest.lock",
			);
			name = "[CP] Check Pods Manifest.lock";
			outputFileListPaths = (
			);
			outputPaths = (
				"$(DERIVED_FILE_DIR)/Pods-Instagram_clone-checkManifestLockResult.txt",
			);
			runOnlyForDeploymentPostprocessing = 0;
			shellPath = /bin/sh;
			shellScript = "diff \"${PODS_PODFILE_DIR_PATH}/Podfile.lock\" \"${PODS_ROOT}/Manifest.lock\" > /dev/null\nif [ $? != 0 ] ; then\n    # print error to STDERR\n    echo \"error: The sandbox is not in sync with the Podfile.lock. Run 'pod install' or update your CocoaPods installation.\" >&2\n    exit 1\nfi\n# This output is used by Xcode 'outputs' to avoid re-running this script phase.\necho \"SUCCESS\" > \"${SCRIPT_OUTPUT_FILE_0}\"\n";
			showEnvVarsInLog = 0;
		};
/* End PBXShellScriptBuildPhase section */

/* Begin PBXSourcesBuildPhase section */
		DEF46635288ACC5900BC85B0 /* Sources */ = {
			isa = PBXSourcesBuildPhase;
			buildActionMask = 2147483647;
			files = (
				DEF4666C288AD73F00BC85B0 /* ListViewViewController.swift in Sources */,
				DEF46668288AD6E900BC85B0 /* EditProfileViewController.swift in Sources */,
				DEF46674288AD7C500BC85B0 /* PublishPostViewController.swift in Sources */,
				DE9520EF289BF96900A84A2C /* IGFeedPostUITableViewCell.swift in Sources */,
				DEF46657288AD46800BC85B0 /* ExploreViewController.swift in Sources */,
				DEF46659288AD49200BC85B0 /* CameraViewController.swift in Sources */,
				DE31DE0B28BF51680000C14F /* NoNotificationsView.swift in Sources */,
				DE9520F2289D44BD00A84A2C /* IGFeedPostHeaderTableViewCell.swift in Sources */,
				DE31DE0E28BF61060000C14F /* NotificationFollowEventTableViewCell.swift in Sources */,
				DEF46641288ACC5900BC85B0 /* HomeViewController.swift in Sources */,
				DEF46672288AD7A400BC85B0 /* PostEditorViewController.swift in Sources */,
				DE6BCA3A28B910A60092E57C /* UserFollowTableViewCell.swift in Sources */,
				DE4D580C28B3EF8900361695 /* Models.swift in Sources */,
				DE4ACE2328A5015E00968EDB /* FormTableViewCell.swift in Sources */,
				DEF4667F288C124300BC85B0 /* StorageManager.swift in Sources */,
				DEF46663288AD65600BC85B0 /* RegistrationViewController.swift in Sources */,
				DEF46679288C0F3F00BC85B0 /* DatabaseManager.swift in Sources */,
				DEF46666288AD69F00BC85B0 /* PostViewController.swift in Sources */,
				DE78273F28A6CD0C00BEE89B /* PhotoCollectionViewCell.swift in Sources */,
				DEF46670288AD76600BC85B0 /* SearchResultViewController.swift in Sources */,
				DEF4665B288AD4DA00BC85B0 /* NotificationsViewController.swift in Sources */,
				DEF46681288D31A000BC85B0 /* Extensions.swift in Sources */,
				DE9520F6289D44EB00A84A2C /* IGFeedPostGeneralTableViewCell.swift in Sources */,
				DE78274328A6CDDB00BEE89B /* ProfileTabsCollectionReusableView.swift in Sources */,
				DE31DE1028BF618D0000C14F /* NotificationLikeEventTableViewCell.swift in Sources */,
				DEF4666E288AD74900BC85B0 /* SearchViewController.swift in Sources */,
				DE78274128A6CD9B00BEE89B /* ProfileInfoHeaderCollectionReusableView.swift in Sources */,
				DEF46661288AD63500BC85B0 /* LoginViewController.swift in Sources */,
				DEF4667B288C10E300BC85B0 /* AuthManager.swift in Sources */,
				DEF4665D288AD4EF00BC85B0 /* ProfileViewController.swift in Sources */,
				DEF4663D288ACC5900BC85B0 /* AppDelegate.swift in Sources */,
				DE9520F4289D44D400A84A2C /* IGFeedPostActionsTableViewCell.swift in Sources */,
				DEF4663F288ACC5900BC85B0 /* SceneDelegate.swift in Sources */,
				DEF4666A288AD70800BC85B0 /* SettingsViewController.swift in Sources */,
			);
			runOnlyForDeploymentPostprocessing = 0;
		};
/* End PBXSourcesBuildPhase section */

/* Begin PBXVariantGroup section */
		DEF46642288ACC5900BC85B0 /* Main.storyboard */ = {
			isa = PBXVariantGroup;
			children = (
				DEF46643288ACC5900BC85B0 /* Base */,
			);
			name = Main.storyboard;
			sourceTree = "<group>";
		};
		DEF46647288ACC5B00BC85B0 /* LaunchScreen.storyboard */ = {
			isa = PBXVariantGroup;
			children = (
				DEF46648288ACC5B00BC85B0 /* Base */,
			);
			name = LaunchScreen.storyboard;
			sourceTree = "<group>";
		};
/* End PBXVariantGroup section */

/* Begin XCBuildConfiguration section */
		DEF4664B288ACC5B00BC85B0 /* Debug */ = {
			isa = XCBuildConfiguration;
			buildSettings = {
				ALWAYS_SEARCH_USER_PATHS = NO;
				CLANG_ANALYZER_NONNULL = YES;
				CLANG_ANALYZER_NUMBER_OBJECT_CONVERSION = YES_AGGRESSIVE;
				CLANG_CXX_LANGUAGE_STANDARD = "gnu++17";
				CLANG_ENABLE_MODULES = YES;
				CLANG_ENABLE_OBJC_ARC = YES;
				CLANG_ENABLE_OBJC_WEAK = YES;
				CLANG_WARN_BLOCK_CAPTURE_AUTORELEASING = YES;
				CLANG_WARN_BOOL_CONVERSION = YES;
				CLANG_WARN_COMMA = YES;
				CLANG_WARN_CONSTANT_CONVERSION = YES;
				CLANG_WARN_DEPRECATED_OBJC_IMPLEMENTATIONS = YES;
				CLANG_WARN_DIRECT_OBJC_ISA_USAGE = YES_ERROR;
				CLANG_WARN_DOCUMENTATION_COMMENTS = YES;
				CLANG_WARN_EMPTY_BODY = YES;
				CLANG_WARN_ENUM_CONVERSION = YES;
				CLANG_WARN_INFINITE_RECURSION = YES;
				CLANG_WARN_INT_CONVERSION = YES;
				CLANG_WARN_NON_LITERAL_NULL_CONVERSION = YES;
				CLANG_WARN_OBJC_IMPLICIT_RETAIN_SELF = YES;
				CLANG_WARN_OBJC_LITERAL_CONVERSION = YES;
				CLANG_WARN_OBJC_ROOT_CLASS = YES_ERROR;
				CLANG_WARN_QUOTED_INCLUDE_IN_FRAMEWORK_HEADER = YES;
				CLANG_WARN_RANGE_LOOP_ANALYSIS = YES;
				CLANG_WARN_STRICT_PROTOTYPES = YES;
				CLANG_WARN_SUSPICIOUS_MOVE = YES;
				CLANG_WARN_UNGUARDED_AVAILABILITY = YES_AGGRESSIVE;
				CLANG_WARN_UNREACHABLE_CODE = YES;
				CLANG_WARN__DUPLICATE_METHOD_MATCH = YES;
				COPY_PHASE_STRIP = NO;
				DEBUG_INFORMATION_FORMAT = dwarf;
				ENABLE_STRICT_OBJC_MSGSEND = YES;
				ENABLE_TESTABILITY = YES;
				GCC_C_LANGUAGE_STANDARD = gnu11;
				GCC_DYNAMIC_NO_PIC = NO;
				GCC_NO_COMMON_BLOCKS = YES;
				GCC_OPTIMIZATION_LEVEL = 0;
				GCC_PREPROCESSOR_DEFINITIONS = (
					"DEBUG=1",
					"$(inherited)",
				);
				GCC_WARN_64_TO_32_BIT_CONVERSION = YES;
				GCC_WARN_ABOUT_RETURN_TYPE = YES_ERROR;
				GCC_WARN_UNDECLARED_SELECTOR = YES;
				GCC_WARN_UNINITIALIZED_AUTOS = YES_AGGRESSIVE;
				GCC_WARN_UNUSED_FUNCTION = YES;
				GCC_WARN_UNUSED_VARIABLE = YES;
				IPHONEOS_DEPLOYMENT_TARGET = 15.5;
				MTL_ENABLE_DEBUG_INFO = INCLUDE_SOURCE;
				MTL_FAST_MATH = YES;
				ONLY_ACTIVE_ARCH = YES;
				SDKROOT = iphoneos;
				SWIFT_ACTIVE_COMPILATION_CONDITIONS = DEBUG;
				SWIFT_OPTIMIZATION_LEVEL = "-Onone";
			};
			name = Debug;
		};
		DEF4664C288ACC5B00BC85B0 /* Release */ = {
			isa = XCBuildConfiguration;
			buildSettings = {
				ALWAYS_SEARCH_USER_PATHS = NO;
				CLANG_ANALYZER_NONNULL = YES;
				CLANG_ANALYZER_NUMBER_OBJECT_CONVERSION = YES_AGGRESSIVE;
				CLANG_CXX_LANGUAGE_STANDARD = "gnu++17";
				CLANG_ENABLE_MODULES = YES;
				CLANG_ENABLE_OBJC_ARC = YES;
				CLANG_ENABLE_OBJC_WEAK = YES;
				CLANG_WARN_BLOCK_CAPTURE_AUTORELEASING = YES;
				CLANG_WARN_BOOL_CONVERSION = YES;
				CLANG_WARN_COMMA = YES;
				CLANG_WARN_CONSTANT_CONVERSION = YES;
				CLANG_WARN_DEPRECATED_OBJC_IMPLEMENTATIONS = YES;
				CLANG_WARN_DIRECT_OBJC_ISA_USAGE = YES_ERROR;
				CLANG_WARN_DOCUMENTATION_COMMENTS = YES;
				CLANG_WARN_EMPTY_BODY = YES;
				CLANG_WARN_ENUM_CONVERSION = YES;
				CLANG_WARN_INFINITE_RECURSION = YES;
				CLANG_WARN_INT_CONVERSION = YES;
				CLANG_WARN_NON_LITERAL_NULL_CONVERSION = YES;
				CLANG_WARN_OBJC_IMPLICIT_RETAIN_SELF = YES;
				CLANG_WARN_OBJC_LITERAL_CONVERSION = YES;
				CLANG_WARN_OBJC_ROOT_CLASS = YES_ERROR;
				CLANG_WARN_QUOTED_INCLUDE_IN_FRAMEWORK_HEADER = YES;
				CLANG_WARN_RANGE_LOOP_ANALYSIS = YES;
				CLANG_WARN_STRICT_PROTOTYPES = YES;
				CLANG_WARN_SUSPICIOUS_MOVE = YES;
				CLANG_WARN_UNGUARDED_AVAILABILITY = YES_AGGRESSIVE;
				CLANG_WARN_UNREACHABLE_CODE = YES;
				CLANG_WARN__DUPLICATE_METHOD_MATCH = YES;
				COPY_PHASE_STRIP = NO;
				DEBUG_INFORMATION_FORMAT = "dwarf-with-dsym";
				ENABLE_NS_ASSERTIONS = NO;
				ENABLE_STRICT_OBJC_MSGSEND = YES;
				GCC_C_LANGUAGE_STANDARD = gnu11;
				GCC_NO_COMMON_BLOCKS = YES;
				GCC_WARN_64_TO_32_BIT_CONVERSION = YES;
				GCC_WARN_ABOUT_RETURN_TYPE = YES_ERROR;
				GCC_WARN_UNDECLARED_SELECTOR = YES;
				GCC_WARN_UNINITIALIZED_AUTOS = YES_AGGRESSIVE;
				GCC_WARN_UNUSED_FUNCTION = YES;
				GCC_WARN_UNUSED_VARIABLE = YES;
				IPHONEOS_DEPLOYMENT_TARGET = 15.5;
				MTL_ENABLE_DEBUG_INFO = NO;
				MTL_FAST_MATH = YES;
				SDKROOT = iphoneos;
				SWIFT_COMPILATION_MODE = wholemodule;
				SWIFT_OPTIMIZATION_LEVEL = "-O";
				VALIDATE_PRODUCT = YES;
			};
			name = Release;
		};
		DEF4664E288ACC5B00BC85B0 /* Debug */ = {
			isa = XCBuildConfiguration;
			baseConfigurationReference = 4AAD8A1CE31192B757199A30 /* Pods-Instagram_clone.debug.xcconfig */;
			buildSettings = {
				ASSETCATALOG_COMPILER_APPICON_NAME = AppIcon;
				ASSETCATALOG_COMPILER_GLOBAL_ACCENT_COLOR_NAME = AccentColor;
				CODE_SIGN_STYLE = Automatic;
				CURRENT_PROJECT_VERSION = 1;
				GENERATE_INFOPLIST_FILE = YES;
				INFOPLIST_FILE = Instagram_clone/Info.plist;
				INFOPLIST_KEY_CFBundleDisplayName = "Instagram-clone";
				INFOPLIST_KEY_UIApplicationSupportsIndirectInputEvents = YES;
				INFOPLIST_KEY_UILaunchStoryboardName = LaunchScreen;
				INFOPLIST_KEY_UIMainStoryboardFile = Main;
				INFOPLIST_KEY_UIRequiresFullScreen = NO;
				INFOPLIST_KEY_UISupportedInterfaceOrientations = UIInterfaceOrientationPortrait;
				INFOPLIST_KEY_UISupportedInterfaceOrientations_iPad = "UIInterfaceOrientationPortrait UIInterfaceOrientationPortraitUpsideDown UIInterfaceOrientationLandscapeLeft UIInterfaceOrientationLandscapeRight";
				INFOPLIST_KEY_UISupportedInterfaceOrientations_iPhone = "UIInterfaceOrientationPortrait UIInterfaceOrientationLandscapeLeft UIInterfaceOrientationLandscapeRight";
				IPHONEOS_DEPLOYMENT_TARGET = 15.0;
				LD_RUNPATH_SEARCH_PATHS = (
					"$(inherited)",
					"@executable_path/Frameworks",
				);
				MARKETING_VERSION = 1.0;
				PRODUCT_BUNDLE_IDENTIFIER = "NAMGHJK.Instagram-clone";
				PRODUCT_NAME = "$(TARGET_NAME)";
				SWIFT_EMIT_LOC_STRINGS = YES;
				SWIFT_VERSION = 5.0;
				TARGETED_DEVICE_FAMILY = "1,2";
			};
			name = Debug;
		};
		DEF4664F288ACC5B00BC85B0 /* Release */ = {
			isa = XCBuildConfiguration;
			baseConfigurationReference = C6FEA0F189EE987D07E08D1E /* Pods-Instagram_clone.release.xcconfig */;
			buildSettings = {
				ASSETCATALOG_COMPILER_APPICON_NAME = AppIcon;
				ASSETCATALOG_COMPILER_GLOBAL_ACCENT_COLOR_NAME = AccentColor;
				CODE_SIGN_STYLE = Automatic;
				CURRENT_PROJECT_VERSION = 1;
				GENERATE_INFOPLIST_FILE = YES;
				INFOPLIST_FILE = Instagram_clone/Info.plist;
				INFOPLIST_KEY_CFBundleDisplayName = "Instagram-clone";
				INFOPLIST_KEY_UIApplicationSupportsIndirectInputEvents = YES;
				INFOPLIST_KEY_UILaunchStoryboardName = LaunchScreen;
				INFOPLIST_KEY_UIMainStoryboardFile = Main;
				INFOPLIST_KEY_UIRequiresFullScreen = NO;
				INFOPLIST_KEY_UISupportedInterfaceOrientations = UIInterfaceOrientationPortrait;
				INFOPLIST_KEY_UISupportedInterfaceOrientations_iPad = "UIInterfaceOrientationPortrait UIInterfaceOrientationPortraitUpsideDown UIInterfaceOrientationLandscapeLeft UIInterfaceOrientationLandscapeRight";
				INFOPLIST_KEY_UISupportedInterfaceOrientations_iPhone = "UIInterfaceOrientationPortrait UIInterfaceOrientationLandscapeLeft UIInterfaceOrientationLandscapeRight";
				IPHONEOS_DEPLOYMENT_TARGET = 15.0;
				LD_RUNPATH_SEARCH_PATHS = (
					"$(inherited)",
					"@executable_path/Frameworks",
				);
				MARKETING_VERSION = 1.0;
				PRODUCT_BUNDLE_IDENTIFIER = "NAMGHJK.Instagram-clone";
				PRODUCT_NAME = "$(TARGET_NAME)";
				SWIFT_EMIT_LOC_STRINGS = YES;
				SWIFT_VERSION = 5.0;
				TARGETED_DEVICE_FAMILY = "1,2";
			};
			name = Release;
		};
/* End XCBuildConfiguration section */

/* Begin XCConfigurationList section */
		DEF46634288ACC5900BC85B0 /* Build configuration list for PBXProject "Instagram_clone" */ = {
			isa = XCConfigurationList;
			buildConfigurations = (
				DEF4664B288ACC5B00BC85B0 /* Debug */,
				DEF4664C288ACC5B00BC85B0 /* Release */,
			);
			defaultConfigurationIsVisible = 0;
			defaultConfigurationName = Release;
		};
		DEF4664D288ACC5B00BC85B0 /* Build configuration list for PBXNativeTarget "Instagram_clone" */ = {
			isa = XCConfigurationList;
			buildConfigurations = (
				DEF4664E288ACC5B00BC85B0 /* Debug */,
				DEF4664F288ACC5B00BC85B0 /* Release */,
			);
			defaultConfigurationIsVisible = 0;
			defaultConfigurationName = Release;
		};
/* End XCConfigurationList section */
	};
	rootObject = DEF46631288ACC5900BC85B0 /* Project object */;
}
